
Microsoft Visual Studio Solution File, Format Version 12.00
# Visual Studio 15
VisualStudioVersion = 15.0.27703.2035
MinimumVisualStudioVersion = 10.0.40219.1
Project("{FAE04EC0-301F-11D3-BF4B-00C04F79EFBC}") = "ImageStore", "ImageStore\ImageStore.csproj", "{8FA09B96-6FA3-4BBF-9E30-CC720D43C041}"
EndProject
Project("{2150E333-8FDC-42A3-9474-1A3956D46DE8}") = "doc", "doc", "{9C14AD78-9262-4C54-927A-A58133A7CF94}"
EndProject
Project("{2150E333-8FDC-42A3-9474-1A3956D46DE8}") = "Solution Items", "Solution Items", "{237D15FE-1788-41CC-B7C5-AD69391F6427}"
	ProjectSection(SolutionItems) = preProject
		README.md = README.md
	EndProjectSection
EndProject
Project("{2150E333-8FDC-42A3-9474-1A3956D46DE8}") = "cmdlet", "cmdlet", "{20CDC5AD-D882-474E-AFEB-B26828597677}"
	ProjectSection(SolutionItems) = preProject
		doc\cmdlet\cmdlets.md = doc\cmdlet\cmdlets.md
	EndProjectSection
EndProject
Project("{2150E333-8FDC-42A3-9474-1A3956D46DE8}") = "walkthrough", "walkthrough", "{395036E5-C0A0-4F4E-A0C9-952A9A48EB4B}"
	ProjectSection(SolutionItems) = preProject
		doc\workthrough\case.md = doc\workthrough\case.md
	EndProjectSection
EndProject
Project("{2150E333-8FDC-42A3-9474-1A3956D46DE8}") = "concept", "concept", "{BEBBCEC2-9257-4836-9D52-C5705D63095D}"
	ProjectSection(SolutionItems) = preProject
		doc\concept\Database.md = doc\concept\Database.md
		DifferenceDegree.md = DifferenceDegree.md
		doc\concept\Directory.md = doc\concept\Directory.md
		doc\concept\Extension.md = doc\concept\Extension.md
		doc\concept\File.md = doc\concept\File.md
		doc\concept\Folder.md = doc\concept\Folder.md
		doc\concept\SameFile.md = doc\concept\SameFile.md
		doc\concept\SimilarFile.md = doc\concept\SimilarFile.md
		doc\concept\ThumbprintCache.md = doc\concept\ThumbprintCache.md
	EndProjectSection
EndProject
Project("{2150E333-8FDC-42A3-9474-1A3956D46DE8}") = "type", "type", "{11AA0075-9956-4362-A2D8-09A87254C685}"
	ProjectSection(SolutionItems) = preProject
		doc\type\ImageStoreExtension.md = doc\type\ImageStoreExtension.md
		doc\type\ImageStoreFile.md = doc\type\ImageStoreFile.md
		doc\type\ImageStoreFolder.md = doc\type\ImageStoreFolder.md
		doc\type\ImageStoreIgnoredDirectory.md = doc\type\ImageStoreIgnoredDirectory.md
		doc\type\ImageStoreSameFile.md = doc\type\ImageStoreSameFile.md
		doc\type\ImageStoreSimilarFile.md = doc\type\ImageStoreSimilarFile.md
	EndProjectSection
EndProject
Project("{2150E333-8FDC-42A3-9474-1A3956D46DE8}") = "Database", "Database", "{EF6E290B-AA42-4675-971E-741772B58F80}"
	ProjectSection(SolutionItems) = preProject
		doc\cmdlet\Database\CloseDatabase.md = doc\cmdlet\Database\CloseDatabase.md
		doc\cmdlet\Database\CompressDatabase.md = doc\cmdlet\Database\CompressDatabase.md
		doc\cmdlet\Database\OpenDatabase.md = doc\cmdlet\Database\OpenDatabase.md
	EndProjectSection
EndProject
Project("{2150E333-8FDC-42A3-9474-1A3956D46DE8}") = "Extension", "Extension", "{F63FEC2E-A8C7-4034-9DBF-F32450020130}"
	ProjectSection(SolutionItems) = preProject
		doc\cmdlet\Extension\AddExtension.md = doc\cmdlet\Extension\AddExtension.md
		doc\cmdlet\Extension\FindExtension.md = doc\cmdlet\Extension\FindExtension.md
		doc\cmdlet\Extension\GetExtension.md = doc\cmdlet\Extension\GetExtension.md
		doc\cmdlet\Extension\RemoveExtension.md = doc\cmdlet\Extension\RemoveExtension.md
		doc\cmdlet\Extension\SearchExtension.md = doc\cmdlet\Extension\SearchExtension.md
		doc\cmdlet\Extension\UpdateExtension.md = doc\cmdlet\Extension\UpdateExtension.md
	EndProjectSection
EndProject
Project("{2150E333-8FDC-42A3-9474-1A3956D46DE8}") = "File", "File", "{BEAD212B-1C6C-4DCD-ACFC-017DEBC9BA85}"
	ProjectSection(SolutionItems) = preProject
		doc\cmdlet\File\AddFile.md = doc\cmdlet\File\AddFile.md
		doc\cmdlet\File\FindFile.md = doc\cmdlet\File\FindFile.md
		doc\cmdlet\File\GetFile.md = doc\cmdlet\File\GetFile.md
		doc\cmdlet\File\MeasureFile.md = doc\cmdlet\File\MeasureFile.md
		doc\cmdlet\File\MeasureFiles.md = doc\cmdlet\File\MeasureFiles.md
		doc\cmdlet\File\MoveFile.md = doc\cmdlet\File\MoveFile.md
		doc\cmdlet\File\RemoveDirectory.md = doc\cmdlet\File\RemoveDirectory.md
		doc\cmdlet\File\RemoveFile.md = doc\cmdlet\File\RemoveFile.md
		doc\cmdlet\File\RenameFile.md = doc\cmdlet\File\RenameFile.md
		doc\cmdlet\File\ResolveFile.md = doc\cmdlet\File\ResolveFile.md
		doc\cmdlet\File\SearchFile.md = doc\cmdlet\File\SearchFile.md
		doc\cmdlet\File\UpdateFile.md = doc\cmdlet\File\UpdateFile.md
	EndProjectSection
EndProject
Project("{2150E333-8FDC-42A3-9474-1A3956D46DE8}") = "Folder", "Folder", "{F7BA3A1C-0D76-4F3C-B8CF-6BAEE7682CDC}"
	ProjectSection(SolutionItems) = preProject
		doc\cmdlet\Folder\AddFolder.md = doc\cmdlet\Folder\AddFolder.md
		doc\cmdlet\Folder\ClearEmptyFolders.md = doc\cmdlet\Folder\ClearEmptyFolders.md
		doc\cmdlet\Folder\FindFolder.md = doc\cmdlet\Folder\FindFolder.md
		doc\cmdlet\Folder\GetFolder.md = doc\cmdlet\Folder\GetFolder.md
		doc\cmdlet\Folder\RemoveFolder.md = doc\cmdlet\Folder\RemoveFolder.md
		doc\cmdlet\Folder\SearchFolder.md = doc\cmdlet\Folder\SearchFolder.md
		doc\cmdlet\Folder\SyncFolder.md = doc\cmdlet\Folder\SyncFolder.md
		doc\cmdlet\Folder\UpdateFoldermd = doc\cmdlet\Folder\UpdateFoldermd
	EndProjectSection
EndProject
Project("{2150E333-8FDC-42A3-9474-1A3956D46DE8}") = "IgnoredDirectory", "IgnoredDirectory", "{12AE0E07-653C-4C2C-94BA-1A012F7F5499}"
	ProjectSection(SolutionItems) = preProject
		doc\cmdlet\IgnoredDirectory\AddIgnoredDirectory.md = doc\cmdlet\IgnoredDirectory\AddIgnoredDirectory.md
		doc\cmdlet\IgnoredDirectory\FindIgnoredDirectory.md = doc\cmdlet\IgnoredDirectory\FindIgnoredDirectory.md
		doc\cmdlet\IgnoredDirectory\GetIgnoredDirectory.md = doc\cmdlet\IgnoredDirectory\GetIgnoredDirectory.md
		doc\cmdlet\IgnoredDirectory\RemoveIgnoredDirectory.md = doc\cmdlet\IgnoredDirectory\RemoveIgnoredDirectory.md
		doc\cmdlet\IgnoredDirectory\SearchIgnoredDirectory.md = doc\cmdlet\IgnoredDirectory\SearchIgnoredDirectory.md
		doc\cmdlet\IgnoredDirectory\UpdateIgnoredDirectory.md = doc\cmdlet\IgnoredDirectory\UpdateIgnoredDirectory.md
	EndProjectSection
EndProject
Project("{2150E333-8FDC-42A3-9474-1A3956D46DE8}") = "SameFile", "SameFile", "{3F4CD8DB-8F48-4F70-BEB1-2D0E3D5EECE2}"
	ProjectSection(SolutionItems) = preProject
		doc\cmdlet\SameFile\ClearSameFileObsoletedGroups.md = doc\cmdlet\SameFile\ClearSameFileObsoletedGroups.md
		doc\cmdlet\SameFile\CompareSameFiles.md = doc\cmdlet\SameFile\CompareSameFiles.md
		doc\cmdlet\SameFile\GetSameFile.md = doc\cmdlet\SameFile\GetSameFile.md
		doc\cmdlet\SameFile\HideSameFile.md = doc\cmdlet\SameFile\HideSameFile.md
		doc\cmdlet\SameFile\RemoveSameFile.md = doc\cmdlet\SameFile\RemoveSameFile.md
		doc\cmdlet\SameFile\RemoveSameFileGroup.md = doc\cmdlet\SameFile\RemoveSameFileGroup.md
		doc\cmdlet\SameFile\SearchSameFile.md = doc\cmdlet\SameFile\SearchSameFile.md
		doc\cmdlet\SameFile\SelectSameFile.md = doc\cmdlet\SameFile\SelectSameFile.md
		doc\cmdlet\SameFile\ShowSameFile.md = doc\cmdlet\SameFile\ShowSameFile.md
		doc\cmdlet\SameFile\UpdateSameFile.md = doc\cmdlet\SameFile\UpdateSameFile.md
	EndProjectSection
EndProject
Project("{2150E333-8FDC-42A3-9474-1A3956D46DE8}") = "SimilarFile", "SimilarFile", "{1696FFD4-67BA-4159-90D1-D3D3460EE13B}"
	ProjectSection(SolutionItems) = preProject
		doc\cmdlet\SimilarFile\ClearThumbprintCache.md = doc\cmdlet\SimilarFile\ClearThumbprintCache.md
		doc\cmdlet\SimilarFile\ClearThumbprintCacheFolder.md = doc\cmdlet\SimilarFile\ClearThumbprintCacheFolder.md
		doc\cmdlet\SimilarFile\CompareSimilarFiles.md = doc\cmdlet\SimilarFile\CompareSimilarFiles.md
		doc\cmdlet\SimilarFile\GetSimilarFile.md = doc\cmdlet\SimilarFile\GetSimilarFile.md
		doc\cmdlet\SimilarFile\HideSimilarFile.md = doc\cmdlet\SimilarFile\HideSimilarFile.md
		doc\cmdlet\SimilarFile\RemoveSimilarFile.md = doc\cmdlet\SimilarFile\RemoveSimilarFile.md
		doc\cmdlet\SimilarFile\ResetSimilarFile.md = doc\cmdlet\SimilarFile\ResetSimilarFile.md
		doc\cmdlet\SimilarFile\ResolveSimilarFiles.md = doc\cmdlet\SimilarFile\ResolveSimilarFiles.md
		doc\cmdlet\SimilarFile\SearchSimilarFile.md = doc\cmdlet\SimilarFile\SearchSimilarFile.md
		doc\cmdlet\SimilarFile\SetThumbprintCacheFolder.md = doc\cmdlet\SimilarFile\SetThumbprintCacheFolder.md
		doc\cmdlet\SimilarFile\ShowSimilarFile.md = doc\cmdlet\SimilarFile\ShowSimilarFile.md
		doc\cmdlet\SimilarFile\UpdateSimilarFile.md = doc\cmdlet\SimilarFile\UpdateSimilarFile.md
	EndProjectSection
EndProject
Global
	GlobalSection(SolutionConfigurationPlatforms) = preSolution
		Debug|Any CPU = Debug|Any CPU
		Release|Any CPU = Release|Any CPU
	EndGlobalSection
	GlobalSection(ProjectConfigurationPlatforms) = postSolution
		{8FA09B96-6FA3-4BBF-9E30-CC720D43C041}.Debug|Any CPU.ActiveCfg = Debug|Any CPU
		{8FA09B96-6FA3-4BBF-9E30-CC720D43C041}.Debug|Any CPU.Build.0 = Debug|Any CPU
		{8FA09B96-6FA3-4BBF-9E30-CC720D43C041}.Release|Any CPU.ActiveCfg = Release|Any CPU
		{8FA09B96-6FA3-4BBF-9E30-CC720D43C041}.Release|Any CPU.Build.0 = Release|Any CPU
	EndGlobalSection
	GlobalSection(SolutionProperties) = preSolution
		HideSolutionNode = FALSE
	EndGlobalSection
	GlobalSection(NestedProjects) = preSolution
		{20CDC5AD-D882-474E-AFEB-B26828597677} = {9C14AD78-9262-4C54-927A-A58133A7CF94}
		{395036E5-C0A0-4F4E-A0C9-952A9A48EB4B} = {9C14AD78-9262-4C54-927A-A58133A7CF94}
		{BEBBCEC2-9257-4836-9D52-C5705D63095D} = {9C14AD78-9262-4C54-927A-A58133A7CF94}
		{11AA0075-9956-4362-A2D8-09A87254C685} = {9C14AD78-9262-4C54-927A-A58133A7CF94}
		{EF6E290B-AA42-4675-971E-741772B58F80} = {20CDC5AD-D882-474E-AFEB-B26828597677}
		{F63FEC2E-A8C7-4034-9DBF-F32450020130} = {20CDC5AD-D882-474E-AFEB-B26828597677}
		{BEAD212B-1C6C-4DCD-ACFC-017DEBC9BA85} = {20CDC5AD-D882-474E-AFEB-B26828597677}
		{F7BA3A1C-0D76-4F3C-B8CF-6BAEE7682CDC} = {20CDC5AD-D882-474E-AFEB-B26828597677}
		{12AE0E07-653C-4C2C-94BA-1A012F7F5499} = {20CDC5AD-D882-474E-AFEB-B26828597677}
		{3F4CD8DB-8F48-4F70-BEB1-2D0E3D5EECE2} = {20CDC5AD-D882-474E-AFEB-B26828597677}
		{1696FFD4-67BA-4159-90D1-D3D3460EE13B} = {20CDC5AD-D882-474E-AFEB-B26828597677}
	EndGlobalSection
	GlobalSection(ExtensibilityGlobals) = postSolution
		SolutionGuid = {12D8634D-B4CB-4A35-B725-F2534419FA51}
	EndGlobalSection
EndGlobal
